
Microsoft Visual Studio Solution File, Format Version 12.00
# Visual Studio Version 16
VisualStudioVersion = 16.0.28803.452
MinimumVisualStudioVersion = 10.0.40219.1
Project("{9A19103F-16F7-4668-BE54-9A1E7A4F7556}") = "webAPI", "webAPI\webAPI.csproj", "{5626E2AE-A607-4BE1-A384-30297F78FBA9}"
EndProject
Project("{FAE04EC0-301F-11D3-BF4B-00C04F79EFBC}") = "webClient", "webClient\webClient.csproj", "{F09A4382-BA60-4BFF-A90B-1FC3B1CD9374}"
EndProject
Global
	GlobalSection(SolutionConfigurationPlatforms) = preSolution
		Debug|Any CPU = Debug|Any CPU
		Release|Any CPU = Release|Any CPU
	EndGlobalSection
	GlobalSection(ProjectConfigurationPlatforms) = postSolution
		{5626E2AE-A607-4BE1-A384-30297F78FBA9}.Debug|Any CPU.ActiveCfg = Debug|Any CPU
		{5626E2AE-A607-4BE1-A384-30297F78FBA9}.Debug|Any CPU.Build.0 = Debug|Any CPU
		{5626E2AE-A607-4BE1-A384-30297F78FBA9}.Release|Any CPU.ActiveCfg = Release|Any CPU
		{5626E2AE-A607-4BE1-A384-30297F78FBA9}.Release|Any CPU.Build.0 = Release|Any CPU
		{F09A4382-BA60-4BFF-A90B-1FC3B1CD9374}.Debug|Any CPU.ActiveCfg = Debug|Any CPU
		{F09A4382-BA60-4BFF-A90B-1FC3B1CD9374}.Debug|Any CPU.Build.0 = Debug|Any CPU
		{F09A4382-BA60-4BFF-A90B-1FC3B1CD9374}.Release|Any CPU.ActiveCfg = Release|Any CPU
		{F09A4382-BA60-4BFF-A90B-1FC3B1CD9374}.Release|Any CPU.Build.0 = Release|Any CPU
	EndGlobalSection
	GlobalSection(SolutionProperties) = preSolution
		HideSolutionNode = FALSE
	EndGlobalSection
	GlobalSection(ExtensibilityGlobals) = postSolution
		SolutionGuid = {8E9CCDEF-C77B-4DC2-8737-5393FC84C97A}
	EndGlobalSection
EndGlobal
